
Microsoft Visual Studio Solution File, Format Version 12.00
# Visual Studio 14
VisualStudioVersion = 14.0.24720.0
MinimumVisualStudioVersion = 10.0.40219.1
Project("{FAE04EC0-301F-11D3-BF4B-00C04F79EFBC}") = "Searching.Solution.Web", "Searching.Solution.Web\Searching.Solution.Web.csproj", "{BF0332BA-FCE7-44EE-A337-C4399A8DFE02}"
EndProject
Project("{2150E333-8FDC-42A3-9474-1A3956D46DE8}") = "UI", "UI", "{E6D91771-698E-43CD-B5E6-5E20ABA19D4C}"
EndProject
Project("{2150E333-8FDC-42A3-9474-1A3956D46DE8}") = "AL", "AL", "{DC5306C0-FFBE-45BE-B9EC-196F21AF6CCA}"
EndProject
Project("{FAE04EC0-301F-11D3-BF4B-00C04F79EFBC}") = "Searching.AL.Storage", "Searching.Solution.Web\AL\Searching.AL.Storage\Searching.AL.Storage.csproj", "{233ABC28-37B6-4CF0-83C9-1C5E36FF786D}"
EndProject
Project("{FAE04EC0-301F-11D3-BF4B-00C04F79EFBC}") = "Searching.AL.Transport", "Searching.Solution.Web\AL\Searching.AL.Transport\Searching.AL.Transport.csproj", "{55627385-0CA7-45B8-95E9-3FA291DE51EA}"
EndProject
Global
	GlobalSection(SolutionConfigurationPlatforms) = preSolution
		Debug|Any CPU = Debug|Any CPU
		Debug|ARM = Debug|ARM
		Debug|x86 = Debug|x86
		Release|Any CPU = Release|Any CPU
		Release|ARM = Release|ARM
		Release|x86 = Release|x86
	EndGlobalSection
	GlobalSection(ProjectConfigurationPlatforms) = postSolution
		{BF0332BA-FCE7-44EE-A337-C4399A8DFE02}.Debug|Any CPU.ActiveCfg = Debug|Any CPU
		{BF0332BA-FCE7-44EE-A337-C4399A8DFE02}.Debug|Any CPU.Build.0 = Debug|Any CPU
		{BF0332BA-FCE7-44EE-A337-C4399A8DFE02}.Debug|ARM.ActiveCfg = Debug|Any CPU
		{BF0332BA-FCE7-44EE-A337-C4399A8DFE02}.Debug|ARM.Build.0 = Debug|Any CPU
		{BF0332BA-FCE7-44EE-A337-C4399A8DFE02}.Debug|x86.ActiveCfg = Debug|Any CPU
		{BF0332BA-FCE7-44EE-A337-C4399A8DFE02}.Debug|x86.Build.0 = Debug|Any CPU
		{BF0332BA-FCE7-44EE-A337-C4399A8DFE02}.Release|Any CPU.ActiveCfg = Release|Any CPU
		{BF0332BA-FCE7-44EE-A337-C4399A8DFE02}.Release|Any CPU.Build.0 = Release|Any CPU
		{BF0332BA-FCE7-44EE-A337-C4399A8DFE02}.Release|ARM.ActiveCfg = Release|Any CPU
		{BF0332BA-FCE7-44EE-A337-C4399A8DFE02}.Release|ARM.Build.0 = Release|Any CPU
		{BF0332BA-FCE7-44EE-A337-C4399A8DFE02}.Release|x86.ActiveCfg = Release|Any CPU
		{BF0332BA-FCE7-44EE-A337-C4399A8DFE02}.Release|x86.Build.0 = Release|Any CPU
		{233ABC28-37B6-4CF0-83C9-1C5E36FF786D}.Debug|Any CPU.ActiveCfg = Debug|Any CPU
		{233ABC28-37B6-4CF0-83C9-1C5E36FF786D}.Debug|Any CPU.Build.0 = Debug|Any CPU
		{233ABC28-37B6-4CF0-83C9-1C5E36FF786D}.Debug|ARM.ActiveCfg = Debug|ARM
		{233ABC28-37B6-4CF0-83C9-1C5E36FF786D}.Debug|ARM.Build.0 = Debug|ARM
		{233ABC28-37B6-4CF0-83C9-1C5E36FF786D}.Debug|x86.ActiveCfg = Debug|x86
		{233ABC28-37B6-4CF0-83C9-1C5E36FF786D}.Debug|x86.Build.0 = Debug|x86
		{233ABC28-37B6-4CF0-83C9-1C5E36FF786D}.Release|Any CPU.ActiveCfg = Release|Any CPU
		{233ABC28-37B6-4CF0-83C9-1C5E36FF786D}.Release|Any CPU.Build.0 = Release|Any CPU
		{233ABC28-37B6-4CF0-83C9-1C5E36FF786D}.Release|ARM.ActiveCfg = Release|ARM
		{233ABC28-37B6-4CF0-83C9-1C5E36FF786D}.Release|ARM.Build.0 = Release|ARM
		{233ABC28-37B6-4CF0-83C9-1C5E36FF786D}.Release|x86.ActiveCfg = Release|x86
		{233ABC28-37B6-4CF0-83C9-1C5E36FF786D}.Release|x86.Build.0 = Release|x86
		{55627385-0CA7-45B8-95E9-3FA291DE51EA}.Debug|Any CPU.ActiveCfg = Debug|Any CPU
		{55627385-0CA7-45B8-95E9-3FA291DE51EA}.Debug|Any CPU.Build.0 = Debug|Any CPU
		{55627385-0CA7-45B8-95E9-3FA291DE51EA}.Debug|ARM.ActiveCfg = Debug|ARM
		{55627385-0CA7-45B8-95E9-3FA291DE51EA}.Debug|ARM.Build.0 = Debug|ARM
		{55627385-0CA7-45B8-95E9-3FA291DE51EA}.Debug|x86.ActiveCfg = Debug|x86
		{55627385-0CA7-45B8-95E9-3FA291DE51EA}.Debug|x86.Build.0 = Debug|x86
		{55627385-0CA7-45B8-95E9-3FA291DE51EA}.Release|Any CPU.ActiveCfg = Release|Any CPU
		{55627385-0CA7-45B8-95E9-3FA291DE51EA}.Release|Any CPU.Build.0 = Release|Any CPU
		{55627385-0CA7-45B8-95E9-3FA291DE51EA}.Release|ARM.ActiveCfg = Release|ARM
		{55627385-0CA7-45B8-95E9-3FA291DE51EA}.Release|ARM.Build.0 = Release|ARM
		{55627385-0CA7-45B8-95E9-3FA291DE51EA}.Release|x86.ActiveCfg = Release|x86
		{55627385-0CA7-45B8-95E9-3FA291DE51EA}.Release|x86.Build.0 = Release|x86
	EndGlobalSection
	GlobalSection(SolutionProperties) = preSolution
		HideSolutionNode = FALSE
	EndGlobalSection
	GlobalSection(NestedProjects) = preSolution
		{BF0332BA-FCE7-44EE-A337-C4399A8DFE02} = {E6D91771-698E-43CD-B5E6-5E20ABA19D4C}
		{233ABC28-37B6-4CF0-83C9-1C5E36FF786D} = {DC5306C0-FFBE-45BE-B9EC-196F21AF6CCA}
		{55627385-0CA7-45B8-95E9-3FA291DE51EA} = {DC5306C0-FFBE-45BE-B9EC-196F21AF6CCA}
	EndGlobalSection
EndGlobal
